// !$*UTF8*$!
{
	archiveVersion = 1;
	classes = {
	};
	objectVersion = 56;
	objects = {

/* Begin PBXBuildFile section */
		960EB7D229B0F7D3001E34C0 /* ScrollViewDeluxeApp.swift in Sources */ = {isa = PBXBuildFile; fileRef = 960EB7D129B0F7D3001E34C0 /* ScrollViewDeluxeApp.swift */; };
		960EB7D429B0F7D3001E34C0 /* ContentView.swift in Sources */ = {isa = PBXBuildFile; fileRef = 960EB7D329B0F7D3001E34C0 /* ContentView.swift */; };
		960EB7D629B0F7D3001E34C0 /* Assets.xcassets in Resources */ = {isa = PBXBuildFile; fileRef = 960EB7D529B0F7D3001E34C0 /* Assets.xcassets */; };
		960EB7D929B0F7D3001E34C0 /* Preview Assets.xcassets in Resources */ = {isa = PBXBuildFile; fileRef = 960EB7D829B0F7D3001E34C0 /* Preview Assets.xcassets */; };
		960EB7E329B0F7D3001E34C0 /* ScrollViewDeluxeTests.swift in Sources */ = {isa = PBXBuildFile; fileRef = 960EB7E229B0F7D3001E34C0 /* ScrollViewDeluxeTests.swift */; };
		960EB7ED29B0F7D3001E34C0 /* ScrollViewDeluxeUITests.swift in Sources */ = {isa = PBXBuildFile; fileRef = 960EB7EC29B0F7D3001E34C0 /* ScrollViewDeluxeUITests.swift */; };
		960EB7EF29B0F7D3001E34C0 /* ScrollViewDeluxeUITestsLaunchTests.swift in Sources */ = {isa = PBXBuildFile; fileRef = 960EB7EE29B0F7D3001E34C0 /* ScrollViewDeluxeUITestsLaunchTests.swift */; };
/* End PBXBuildFile section */

/* Begin PBXContainerItemProxy section */
		960EB7DF29B0F7D3001E34C0 /* PBXContainerItemProxy */ = {
			isa = PBXContainerItemProxy;
			containerPortal = 960EB7C629B0F7D3001E34C0 /* Project object */;
			proxyType = 1;
			remoteGlobalIDString = 960EB7CD29B0F7D3001E34C0;
			remoteInfo = ScrollViewDeluxe;
		};
		960EB7E929B0F7D3001E34C0 /* PBXContainerItemProxy */ = {
			isa = PBXContainerItemProxy;
			containerPortal = 960EB7C629B0F7D3001E34C0 /* Project object */;
			proxyType = 1;
			remoteGlobalIDString = 960EB7CD29B0F7D3001E34C0;
			remoteInfo = ScrollViewDeluxe;
		};
/* End PBXContainerItemProxy section */

/* Begin PBXFileReference section */
		960EB7CE29B0F7D3001E34C0 /* ScrollViewDeluxe.app */ = {isa = PBXFileReference; explicitFileType = wrapper.application; includeInIndex = 0; path = ScrollViewDeluxe.app; sourceTree = BUILT_PRODUCTS_DIR; };
		960EB7D129B0F7D3001E34C0 /* ScrollViewDeluxeApp.swift */ = {isa = PBXFileReference; lastKnownFileType = sourcecode.swift; path = ScrollViewDeluxeApp.swift; sourceTree = "<group>"; };
		960EB7D329B0F7D3001E34C0 /* ContentView.swift */ = {isa = PBXFileReference; lastKnownFileType = sourcecode.swift; path = ContentView.swift; sourceTree = "<group>"; };
		960EB7D529B0F7D3001E34C0 /* Assets.xcassets */ = {isa = PBXFileReference; lastKnownFileType = folder.assetcatalog; path = Assets.xcassets; sourceTree = "<group>"; };
		960EB7D829B0F7D3001E34C0 /* Preview Assets.xcassets */ = {isa = PBXFileReference; lastKnownFileType = folder.assetcatalog; path = "Preview Assets.xcassets"; sourceTree = "<group>"; };
		960EB7DE29B0F7D3001E34C0 /* ScrollViewDeluxeTests.xctest */ = {isa = PBXFileReference; explicitFileType = wrapper.cfbundle; includeInIndex = 0; path = ScrollViewDeluxeTests.xctest; sourceTree = BUILT_PRODUCTS_DIR; };
		960EB7E229B0F7D3001E34C0 /* ScrollViewDeluxeTests.swift */ = {isa = PBXFileReference; lastKnownFileType = sourcecode.swift; path = ScrollViewDeluxeTests.swift; sourceTree = "<group>"; };
		960EB7E829B0F7D3001E34C0 /* ScrollViewDeluxeUITests.xctest */ = {isa = PBXFileReference; explicitFileType = wrapper.cfbundle; includeInIndex = 0; path = ScrollViewDeluxeUITests.xctest; sourceTree = BUILT_PRODUCTS_DIR; };
		960EB7EC29B0F7D3001E34C0 /* ScrollViewDeluxeUITests.swift */ = {isa = PBXFileReference; lastKnownFileType = sourcecode.swift; path = ScrollViewDeluxeUITests.swift; sourceTree = "<group>"; };
		960EB7EE29B0F7D3001E34C0 /* ScrollViewDeluxeUITestsLaunchTests.swift */ = {isa = PBXFileReference; lastKnownFileType = sourcecode.swift; path = ScrollViewDeluxeUITestsLaunchTests.swift; sourceTree = "<group>"; };
/* End PBXFileReference section */

/* Begin PBXFrameworksBuildPhase section */
		960EB7CB29B0F7D3001E34C0 /* Frameworks */ = {
			isa = PBXFrameworksBuildPhase;
			buildActionMask = 2147483647;
			files = (
			);
			runOnlyForDeploymentPostprocessing = 0;
		};
		960EB7DB29B0F7D3001E34C0 /* Frameworks */ = {
			isa = PBXFrameworksBuildPhase;
			buildActionMask = 2147483647;
			files = (
			);
			runOnlyForDeploymentPostprocessing = 0;
		};
		960EB7E529B0F7D3001E34C0 /* Frameworks */ = {
			isa = PBXFrameworksBuildPhase;
			buildActionMask = 2147483647;
			files = (
			);
			runOnlyForDeploymentPostprocessing = 0;
		};
/* End PBXFrameworksBuildPhase section */

/* Begin PBXGroup section */
		960EB7C529B0F7D3001E34C0 = {
			isa = PBXGroup;
			children = (
				960EB7D029B0F7D3001E34C0 /* ScrollViewDeluxe */,
				960EB7E129B0F7D3001E34C0 /* ScrollViewDeluxeTests */,
				960EB7EB29B0F7D3001E34C0 /* ScrollViewDeluxeUITests */,
				960EB7CF29B0F7D3001E34C0 /* Products */,
			);
			sourceTree = "<group>";
		};
		960EB7CF29B0F7D3001E34C0 /* Products */ = {
			isa = PBXGroup;
			children = (
				960EB7CE29B0F7D3001E34C0 /* ScrollViewDeluxe.app */,
				960EB7DE29B0F7D3001E34C0 /* ScrollViewDeluxeTests.xctest */,
				960EB7E829B0F7D3001E34C0 /* ScrollViewDeluxeUITests.xctest */,
			);
			name = Products;
			sourceTree = "<group>";
		};
		960EB7D029B0F7D3001E34C0 /* ScrollViewDeluxe */ = {
			isa = PBXGroup;
			children = (
				960EB7D129B0F7D3001E34C0 /* ScrollViewDeluxeApp.swift */,
				960EB7D329B0F7D3001E34C0 /* ContentView.swift */,
				960EB7D529B0F7D3001E34C0 /* Assets.xcassets */,
				960EB7D729B0F7D3001E34C0 /* Preview Content */,
			);
			path = ScrollViewDeluxe;
			sourceTree = "<group>";
		};
		960EB7D729B0F7D3001E34C0 /* Preview Content */ = {
			isa = PBXGroup;
			children = (
				960EB7D829B0F7D3001E34C0 /* Preview Assets.xcassets */,
			);
			path = "Preview Content";
			sourceTree = "<group>";
		};
		960EB7E129B0F7D3001E34C0 /* ScrollViewDeluxeTests */ = {
			isa = PBXGroup;
			children = (
				960EB7E229B0F7D3001E34C0 /* ScrollViewDeluxeTests.swift */,
			);
			path = ScrollViewDeluxeTests;
			sourceTree = "<group>";
		};
		960EB7EB29B0F7D3001E34C0 /* ScrollViewDeluxeUITests */ = {
			isa = PBXGroup;
			children = (
				960EB7EC29B0F7D3001E34C0 /* ScrollViewDeluxeUITests.swift */,
				960EB7EE29B0F7D3001E34C0 /* ScrollViewDeluxeUITestsLaunchTests.swift */,
			);
			path = ScrollViewDeluxeUITests;
			sourceTree = "<group>";
		};
/* End PBXGroup section */

/* Begin PBXNativeTarget section */
		960EB7CD29B0F7D3001E34C0 /* ScrollViewDeluxe */ = {
			isa = PBXNativeTarget;
			buildConfigurationList = 960EB7F229B0F7D3001E34C0 /* Build configuration list for PBXNativeTarget "ScrollViewDeluxe" */;
			buildPhases = (
				960EB7CA29B0F7D3001E34C0 /* Sources */,
				960EB7CB29B0F7D3001E34C0 /* Frameworks */,
				960EB7CC29B0F7D3001E34C0 /* Resources */,
			);
			buildRules = (
			);
			dependencies = (
			);
			name = ScrollViewDeluxe;
			productName = ScrollViewDeluxe;
			productReference = 960EB7CE29B0F7D3001E34C0 /* ScrollViewDeluxe.app */;
			productType = "com.apple.product-type.application";
		};
		960EB7DD29B0F7D3001E34C0 /* ScrollViewDeluxeTests */ = {
			isa = PBXNativeTarget;
			buildConfigurationList = 960EB7F529B0F7D3001E34C0 /* Build configuration list for PBXNativeTarget "ScrollViewDeluxeTests" */;
			buildPhases = (
				960EB7DA29B0F7D3001E34C0 /* Sources */,
				960EB7DB29B0F7D3001E34C0 /* Frameworks */,
				960EB7DC29B0F7D3001E34C0 /* Resources */,
			);
			buildRules = (
			);
			dependencies = (
				960EB7E029B0F7D3001E34C0 /* PBXTargetDependency */,
			);
			name = ScrollViewDeluxeTests;
			productName = ScrollViewDeluxeTests;
			productReference = 960EB7DE29B0F7D3001E34C0 /* ScrollViewDeluxeTests.xctest */;
			productType = "com.apple.product-type.bundle.unit-test";
		};
		960EB7E729B0F7D3001E34C0 /* ScrollViewDeluxeUITests */ = {
			isa = PBXNativeTarget;
			buildConfigurationList = 960EB7F829B0F7D3001E34C0 /* Build configuration list for PBXNativeTarget "ScrollViewDeluxeUITests" */;
			buildPhases = (
				960EB7E429B0F7D3001E34C0 /* Sources */,
				960EB7E529B0F7D3001E34C0 /* Frameworks */,
				960EB7E629B0F7D3001E34C0 /* Resources */,
			);
			buildRules = (
			);
			dependencies = (
				960EB7EA29B0F7D3001E34C0 /* PBXTargetDependency */,
			);
			name = ScrollViewDeluxeUITests;
			productName = ScrollViewDeluxeUITests;
			productReference = 960EB7E829B0F7D3001E34C0 /* ScrollViewDeluxeUITests.xctest */;
			productType = "com.apple.product-type.bundle.ui-testing";
		};
/* End PBXNativeTarget section */

/* Begin PBXProject section */
		960EB7C629B0F7D3001E34C0 /* Project object */ = {
			isa = PBXProject;
			attributes = {
				BuildIndependentTargetsInParallel = 1;
				LastSwiftUpdateCheck = 1420;
				LastUpgradeCheck = 1420;
				TargetAttributes = {
					960EB7CD29B0F7D3001E34C0 = {
						CreatedOnToolsVersion = 14.2;
					};
					960EB7DD29B0F7D3001E34C0 = {
						CreatedOnToolsVersion = 14.2;
						TestTargetID = 960EB7CD29B0F7D3001E34C0;
					};
					960EB7E729B0F7D3001E34C0 = {
						CreatedOnToolsVersion = 14.2;
						TestTargetID = 960EB7CD29B0F7D3001E34C0;
					};
				};
			};
			buildConfigurationList = 960EB7C929B0F7D3001E34C0 /* Build configuration list for PBXProject "ScrollViewDeluxe" */;
			compatibilityVersion = "Xcode 14.0";
			developmentRegion = en;
			hasScannedForEncodings = 0;
			knownRegions = (
				en,
				Base,
			);
			mainGroup = 960EB7C529B0F7D3001E34C0;
			productRefGroup = 960EB7CF29B0F7D3001E34C0 /* Products */;
			projectDirPath = "";
			projectRoot = "";
			targets = (
				960EB7CD29B0F7D3001E34C0 /* ScrollViewDeluxe */,
				960EB7DD29B0F7D3001E34C0 /* ScrollViewDeluxeTests */,
				960EB7E729B0F7D3001E34C0 /* ScrollViewDeluxeUITests */,
			);
		};
/* End PBXProject section */

/* Begin PBXResourcesBuildPhase section */
		960EB7CC29B0F7D3001E34C0 /* Resources */ = {
			isa = PBXResourcesBuildPhase;
			buildActionMask = 2147483647;
			files = (
				960EB7D929B0F7D3001E34C0 /* Preview Assets.xcassets in Resources */,
				960EB7D629B0F7D3001E34C0 /* Assets.xcassets in Resources */,
			);
			runOnlyForDeploymentPostprocessing = 0;
		};
		960EB7DC29B0F7D3001E34C0 /* Resources */ = {
			isa = PBXResourcesBuildPhase;
			buildActionMask = 2147483647;
			files = (
			);
			runOnlyForDeploymentPostprocessing = 0;
		};
		960EB7E629B0F7D3001E34C0 /* Resources */ = {
			isa = PBXResourcesBuildPhase;
			buildActionMask = 2147483647;
			files = (
			);
			runOnlyForDeploymentPostprocessing = 0;
		};
/* End PBXResourcesBuildPhase section */

/* Begin PBXSourcesBuildPhase section */
		960EB7CA29B0F7D3001E34C0 /* Sources */ = {
			isa = PBXSourcesBuildPhase;
			buildActionMask = 2147483647;
			files = (
				960EB7D429B0F7D3001E34C0 /* ContentView.swift in Sources */,
				960EB7D229B0F7D3001E34C0 /* ScrollViewDeluxeApp.swift in Sources */,
			);
			runOnlyForDeploymentPostprocessing = 0;
		};
		960EB7DA29B0F7D3001E34C0 /* Sources */ = {
			isa = PBXSourcesBuildPhase;
			buildActionMask = 2147483647;
			files = (
				960EB7E329B0F7D3001E34C0 /* ScrollViewDeluxeTests.swift in Sources */,
			);
			runOnlyForDeploymentPostprocessing = 0;
		};
		960EB7E429B0F7D3001E34C0 /* Sources */ = {
			isa = PBXSourcesBuildPhase;
			buildActionMask = 2147483647;
			files = (
				960EB7ED29B0F7D3001E34C0 /* ScrollViewDeluxeUITests.swift in Sources */,
				960EB7EF29B0F7D3001E34C0 /* ScrollViewDeluxeUITestsLaunchTests.swift in Sources */,
			);
			runOnlyForDeploymentPostprocessing = 0;
		};
/* End PBXSourcesBuildPhase section */

/* Begin PBXTargetDependency section */
		960EB7E029B0F7D3001E34C0 /* PBXTargetDependency */ = {
			isa = PBXTargetDependency;
			target = 960EB7CD29B0F7D3001E34C0 /* ScrollViewDeluxe */;
			targetProxy = 960EB7DF29B0F7D3001E34C0 /* PBXContainerItemProxy */;
		};
		960EB7EA29B0F7D3001E34C0 /* PBXTargetDependency */ = {
			isa = PBXTargetDependency;
			target = 960EB7CD29B0F7D3001E34C0 /* ScrollViewDeluxe */;
			targetProxy = 960EB7E929B0F7D3001E34C0 /* PBXContainerItemProxy */;
		};
/* End PBXTargetDependency section */

/* Begin XCBuildConfiguration section */
		960EB7F029B0F7D3001E34C0 /* Debug */ = {
			isa = XCBuildConfiguration;
			buildSettings = {
				ALWAYS_SEARCH_USER_PATHS = NO;
				CLANG_ANALYZER_NONNULL = YES;
				CLANG_ANALYZER_NUMBER_OBJECT_CONVERSION = YES_AGGRESSIVE;
				CLANG_CXX_LANGUAGE_STANDARD = "gnu++20";
				CLANG_ENABLE_MODULES = YES;
				CLANG_ENABLE_OBJC_ARC = YES;
				CLANG_ENABLE_OBJC_WEAK = YES;
				CLANG_WARN_BLOCK_CAPTURE_AUTORELEASING = YES;
				CLANG_WARN_BOOL_CONVERSION = YES;
				CLANG_WARN_COMMA = YES;
				CLANG_WARN_CONSTANT_CONVERSION = YES;
				CLANG_WARN_DEPRECATED_OBJC_IMPLEMENTATIONS = YES;
				CLANG_WARN_DIRECT_OBJC_ISA_USAGE = YES_ERROR;
				CLANG_WARN_DOCUMENTATION_COMMENTS = YES;
				CLANG_WARN_EMPTY_BODY = YES;
				CLANG_WARN_ENUM_CONVERSION = YES;
				CLANG_WARN_INFINITE_RECURSION = YES;
				CLANG_WARN_INT_CONVERSION = YES;
				CLANG_WARN_NON_LITERAL_NULL_CONVERSION = YES;
				CLANG_WARN_OBJC_IMPLICIT_RETAIN_SELF = YES;
				CLANG_WARN_OBJC_LITERAL_CONVERSION = YES;
				CLANG_WARN_OBJC_ROOT_CLASS = YES_ERROR;
				CLANG_WARN_QUOTED_INCLUDE_IN_FRAMEWORK_HEADER = YES;
				CLANG_WARN_RANGE_LOOP_ANALYSIS = YES;
				CLANG_WARN_STRICT_PROTOTYPES = YES;
				CLANG_WARN_SUSPICIOUS_MOVE = YES;
				CLANG_WARN_UNGUARDED_AVAILABILITY = YES_AGGRESSIVE;
				CLANG_WARN_UNREACHABLE_CODE = YES;
				CLANG_WARN__DUPLICATE_METHOD_MATCH = YES;
				COPY_PHASE_STRIP = NO;
				DEBUG_INFORMATION_FORMAT = dwarf;
				ENABLE_STRICT_OBJC_MSGSEND = YES;
				ENABLE_TESTABILITY = YES;
				GCC_C_LANGUAGE_STANDARD = gnu11;
				GCC_DYNAMIC_NO_PIC = NO;
				GCC_NO_COMMON_BLOCKS = YES;
				GCC_OPTIMIZATION_LEVEL = 0;
				GCC_PREPROCESSOR_DEFINITIONS = (
					"DEBUG=1",
					"$(inherited)",
				);
				GCC_WARN_64_TO_32_BIT_CONVERSION = YES;
				GCC_WARN_ABOUT_RETURN_TYPE = YES_ERROR;
				GCC_WARN_UNDECLARED_SELECTOR = YES;
				GCC_WARN_UNINITIALIZED_AUTOS = YES_AGGRESSIVE;
				GCC_WARN_UNUSED_FUNCTION = YES;
				GCC_WARN_UNUSED_VARIABLE = YES;
				IPHONEOS_DEPLOYMENT_TARGET = 16.2;
				MTL_ENABLE_DEBUG_INFO = INCLUDE_SOURCE;
				MTL_FAST_MATH = YES;
				ONLY_ACTIVE_ARCH = YES;
				SDKROOT = iphoneos;
				SWIFT_ACTIVE_COMPILATION_CONDITIONS = DEBUG;
				SWIFT_OPTIMIZATION_LEVEL = "-Onone";
			};
			name = Debug;
		};
		960EB7F129B0F7D3001E34C0 /* Release */ = {
			isa = XCBuildConfiguration;
			buildSettings = {
				ALWAYS_SEARCH_USER_PATHS = NO;
				CLANG_ANALYZER_NONNULL = YES;
				CLANG_ANALYZER_NUMBER_OBJECT_CONVERSION = YES_AGGRESSIVE;
				CLANG_CXX_LANGUAGE_STANDARD = "gnu++20";
				CLANG_ENABLE_MODULES = YES;
				CLANG_ENABLE_OBJC_ARC = YES;
				CLANG_ENABLE_OBJC_WEAK = YES;
				CLANG_WARN_BLOCK_CAPTURE_AUTORELEASING = YES;
				CLANG_WARN_BOOL_CONVERSION = YES;
				CLANG_WARN_COMMA = YES;
				CLANG_WARN_CONSTANT_CONVERSION = YES;
				CLANG_WARN_DEPRECATED_OBJC_IMPLEMENTATIONS = YES;
				CLANG_WARN_DIRECT_OBJC_ISA_USAGE = YES_ERROR;
				CLANG_WARN_DOCUMENTATION_COMMENTS = YES;
				CLANG_WARN_EMPTY_BODY = YES;
				CLANG_WARN_ENUM_CONVERSION = YES;
				CLANG_WARN_INFINITE_RECURSION = YES;
				CLANG_WARN_INT_CONVERSION = YES;
				CLANG_WARN_NON_LITERAL_NULL_CONVERSION = YES;
				CLANG_WARN_OBJC_IMPLICIT_RETAIN_SELF = YES;
				CLANG_WARN_OBJC_LITERAL_CONVERSION = YES;
				CLANG_WARN_OBJC_ROOT_CLASS = YES_ERROR;
				CLANG_WARN_QUOTED_INCLUDE_IN_FRAMEWORK_HEADER = YES;
				CLANG_WARN_RANGE_LOOP_ANALYSIS = YES;
				CLANG_WARN_STRICT_PROTOTYPES = YES;
				CLANG_WARN_SUSPICIOUS_MOVE = YES;
				CLANG_WARN_UNGUARDED_AVAILABILITY = YES_AGGRESSIVE;
				CLANG_WARN_UNREACHABLE_CODE = YES;
				CLANG_WARN__DUPLICATE_METHOD_MATCH = YES;
				COPY_PHASE_STRIP = NO;
				DEBUG_INFORMATION_FORMAT = "dwarf-with-dsym";
				ENABLE_NS_ASSERTIONS = NO;
				ENABLE_STRICT_OBJC_MSGSEND = YES;
				GCC_C_LANGUAGE_STANDARD = gnu11;
				GCC_NO_COMMON_BLOCKS = YES;
				GCC_WARN_64_TO_32_BIT_CONVERSION = YES;
				GCC_WARN_ABOUT_RETURN_TYPE = YES_ERROR;
				GCC_WARN_UNDECLARED_SELECTOR = YES;
				GCC_WARN_UNINITIALIZED_AUTOS = YES_AGGRESSIVE;
				GCC_WARN_UNUSED_FUNCTION = YES;
				GCC_WARN_UNUSED_VARIABLE = YES;
				IPHONEOS_DEPLOYMENT_TARGET = 16.2;
				MTL_ENABLE_DEBUG_INFO = NO;
				MTL_FAST_MATH = YES;
				SDKROOT = iphoneos;
				SWIFT_COMPILATION_MODE = wholemodule;
				SWIFT_OPTIMIZATION_LEVEL = "-O";
				VALIDATE_PRODUCT = YES;
			};
			name = Release;
		};
		960EB7F329B0F7D3001E34C0 /* Debug */ = {
			isa = XCBuildConfiguration;
			buildSettings = {
				ASSETCATALOG_COMPILER_APPICON_NAME = AppIcon;
				ASSETCATALOG_COMPILER_GLOBAL_ACCENT_COLOR_NAME = AccentColor;
				CODE_SIGN_STYLE = Automatic;
				CURRENT_PROJECT_VERSION = 1;
				DEVELOPMENT_ASSET_PATHS = "\"ScrollViewDeluxe/Preview Content\"";
				DEVELOPMENT_TEAM = WQP23H8WY7;
				ENABLE_PREVIEWS = YES;
				GENERATE_INFOPLIST_FILE = YES;
				INFOPLIST_KEY_UIApplicationSceneManifest_Generation = YES;
				INFOPLIST_KEY_UIApplicationSupportsIndirectInputEvents = YES;
				INFOPLIST_KEY_UILaunchScreen_Generation = YES;
				INFOPLIST_KEY_UISupportedInterfaceOrientations_iPad = "UIInterfaceOrientationPortrait UIInterfaceOrientationPortraitUpsideDown UIInterfaceOrientationLandscapeLeft UIInterfaceOrientationLandscapeRight";
				INFOPLIST_KEY_UISupportedInterfaceOrientations_iPhone = "UIInterfaceOrientationPortrait UIInterfaceOrientationLandscapeLeft UIInterfaceOrientationLandscapeRight";
				LD_RUNPATH_SEARCH_PATHS = (
					"$(inherited)",
					"@executable_path/Frameworks",
				);
				MARKETING_VERSION = 1.0;
				PRODUCT_BUNDLE_IDENTIFIER = com.choco.ScrollViewDeluxe;
				PRODUCT_NAME = "$(TARGET_NAME)";
				SWIFT_EMIT_LOC_STRINGS = YES;
				SWIFT_VERSION = 5.0;
				TARGETED_DEVICE_FAMILY = "1,2";
			};
			name = Debug;
		};
		960EB7F429B0F7D3001E34C0 /* Release */ = {
			isa = XCBuildConfiguration;
			buildSettings = {
				ASSETCATALOG_COMPILER_APPICON_NAME = AppIcon;
				ASSETCATALOG_COMPILER_GLOBAL_ACCENT_COLOR_NAME = AccentColor;
				CODE_SIGN_STYLE = Automatic;
				CURRENT_PROJECT_VERSION = 1;
				DEVELOPMENT_ASSET_PATHS = "\"ScrollViewDeluxe/Preview Content\"";
				DEVELOPMENT_TEAM = WQP23H8WY7;
				ENABLE_PREVIEWS = YES;
				GENERATE_INFOPLIST_FILE = YES;
				INFOPLIST_KEY_UIApplicationSceneManifest_Generation = YES;
				INFOPLIST_KEY_UIApplicationSupportsIndirectInputEvents = YES;
				INFOPLIST_KEY_UILaunchScreen_Generation = YES;
				INFOPLIST_KEY_UISupportedInterfaceOrientations_iPad = "UIInterfaceOrientationPortrait UIInterfaceOrientationPortraitUpsideDown UIInterfaceOrientationLandscapeLeft UIInterfaceOrientationLandscapeRight";
				INFOPLIST_KEY_UISupportedInterfaceOrientations_iPhone = "UIInterfaceOrientationPortrait UIInterfaceOrientationLandscapeLeft UIInterfaceOrientationLandscapeRight";
				LD_RUNPATH_SEARCH_PATHS = (
					"$(inherited)",
					"@executable_path/Frameworks",
				);
				MARKETING_VERSION = 1.0;
				PRODUCT_BUNDLE_IDENTIFIER = com.choco.ScrollViewDeluxe;
				PRODUCT_NAME = "$(TARGET_NAME)";
				SWIFT_EMIT_LOC_STRINGS = YES;
				SWIFT_VERSION = 5.0;
				TARGETED_DEVICE_FAMILY = "1,2";
			};
			name = Release;
		};
		960EB7F629B0F7D3001E34C0 /* Debug */ = {
			isa = XCBuildConfiguration;
			buildSettings = {
				ALWAYS_EMBED_SWIFT_STANDARD_LIBRARIES = YES;
				BUNDLE_LOADER = "$(TEST_HOST)";
				CODE_SIGN_STYLE = Automatic;
				CURRENT_PROJECT_VERSION = 1;
				DEVELOPMENT_TEAM = WQP23H8WY7;
				GENERATE_INFOPLIST_FILE = YES;
				IPHONEOS_DEPLOYMENT_TARGET = 16.2;
				MARKETING_VERSION = 1.0;
				PRODUCT_BUNDLE_IDENTIFIER = com.choco.ScrollViewDeluxeTests;
				PRODUCT_NAME = "$(TARGET_NAME)";
				SWIFT_EMIT_LOC_STRINGS = NO;
				SWIFT_VERSION = 5.0;
				TARGETED_DEVICE_FAMILY = "1,2";
				TEST_HOST = "$(BUILT_PRODUCTS_DIR)/ScrollViewDeluxe.app/$(BUNDLE_EXECUTABLE_FOLDER_PATH)/ScrollViewDeluxe";
			};
			name = Debug;
		};
		960EB7F729B0F7D3001E34C0 /* Release */ = {
			isa = XCBuildConfiguration;
			buildSettings = {
				ALWAYS_EMBED_SWIFT_STANDARD_LIBRARIES = YES;
				BUNDLE_LOADER = "$(TEST_HOST)";
				CODE_SIGN_STYLE = Automatic;
				CURRENT_PROJECT_VERSION = 1;
				DEVELOPMENT_TEAM = WQP23H8WY7;
				GENERATE_INFOPLIST_FILE = YES;
				IPHONEOS_DEPLOYMENT_TARGET = 16.2;
				MARKETING_VERSION = 1.0;
				PRODUCT_BUNDLE_IDENTIFIER = com.choco.ScrollViewDeluxeTests;
				PRODUCT_NAME = "$(TARGET_NAME)";
				SWIFT_EMIT_LOC_STRINGS = NO;
				SWIFT_VERSION = 5.0;
				TARGETED_DEVICE_FAMILY = "1,2";
				TEST_HOST = "$(BUILT_PRODUCTS_DIR)/ScrollViewDeluxe.app/$(BUNDLE_EXECUTABLE_FOLDER_PATH)/ScrollViewDeluxe";
			};
			name = Release;
		};
		960EB7F929B0F7D3001E34C0 /* Debug */ = {
			isa = XCBuildConfiguration;
			buildSettings = {
				ALWAYS_EMBED_SWIFT_STANDARD_LIBRARIES = YES;
				CODE_SIGN_STYLE = Automatic;
				CURRENT_PROJECT_VERSION = 1;
				DEVELOPMENT_TEAM = WQP23H8WY7;
				GENERATE_INFOPLIST_FILE = YES;
				MARKETING_VERSION = 1.0;
				PRODUCT_BUNDLE_IDENTIFIER = com.choco.ScrollViewDeluxeUITests;
				PRODUCT_NAME = "$(TARGET_NAME)";
				SWIFT_EMIT_LOC_STRINGS = NO;
				SWIFT_VERSION = 5.0;
				TARGETED_DEVICE_FAMILY = "1,2";
				TEST_TARGET_NAME = ScrollViewDeluxe;
			};
			name = Debug;
		};
		960EB7FA29B0F7D3001E34C0 /* Release */ = {
			isa = XCBuildConfiguration;
			buildSettings = {
				ALWAYS_EMBED_SWIFT_STANDARD_LIBRARIES = YES;
				CODE_SIGN_STYLE = Automatic;
				CURRENT_PROJECT_VERSION = 1;
				DEVELOPMENT_TEAM = WQP23H8WY7;
				GENERATE_INFOPLIST_FILE = YES;
				MARKETING_VERSION = 1.0;
				PRODUCT_BUNDLE_IDENTIFIER = com.choco.ScrollViewDeluxeUITests;
				PRODUCT_NAME = "$(TARGET_NAME)";
				SWIFT_EMIT_LOC_STRINGS = NO;
				SWIFT_VERSION = 5.0;
				TARGETED_DEVICE_FAMILY = "1,2";
				TEST_TARGET_NAME = ScrollViewDeluxe;
			};
			name = Release;
		};
/* End XCBuildConfiguration section */

/* Begin XCConfigurationList section */
		960EB7C929B0F7D3001E34C0 /* Build configuration list for PBXProject "ScrollViewDeluxe" */ = {
			isa = XCConfigurationList;
			buildConfigurations = (
				960EB7F029B0F7D3001E34C0 /* Debug */,
				960EB7F129B0F7D3001E34C0 /* Release */,
			);
			defaultConfigurationIsVisible = 0;
			defaultConfigurationName = Release;
		};
		960EB7F229B0F7D3001E34C0 /* Build configuration list for PBXNativeTarget "ScrollViewDeluxe" */ = {
			isa = XCConfigurationList;
			buildConfigurations = (
				960EB7F329B0F7D3001E34C0 /* Debug */,
				960EB7F429B0F7D3001E34C0 /* Release */,
			);
			defaultConfigurationIsVisible = 0;
			defaultConfigurationName = Release;
		};
		960EB7F529B0F7D3001E34C0 /* Build configuration list for PBXNativeTarget "ScrollViewDeluxeTests" */ = {
			isa = XCConfigurationList;
			buildConfigurations = (
				960EB7F629B0F7D3001E34C0 /* Debug */,
				960EB7F729B0F7D3001E34C0 /* Release */,
			);
			defaultConfigurationIsVisible = 0;
			defaultConfigurationName = Release;
		};
		960EB7F829B0F7D3001E34C0 /* Build configuration list for PBXNativeTarget "ScrollViewDeluxeUITests" */ = {
			isa = XCConfigurationList;
			buildConfigurations = (
				960EB7F929B0F7D3001E34C0 /* Debug */,
				960EB7FA29B0F7D3001E34C0 /* Release */,
			);
			defaultConfigurationIsVisible = 0;
			defaultConfigurationName = Release;
		};
/* End XCConfigurationList section */
	};
	rootObject = 960EB7C629B0F7D3001E34C0 /* Project object */;
}
